
Microsoft Visual Studio Solution File, Format Version 12.00
# Visual Studio Version 17
VisualStudioVersion = 17.9.34728.123
MinimumVisualStudioVersion = 10.0.40219.1
Project("{FAE04EC0-301F-11D3-BF4B-00C04F79EFBC}") = "exer 4", "exer 4.csproj", "{3031B4A3-FE8D-4EB0-9F9C-442F6B49EAAB}"
EndProject
Global
	GlobalSection(SolutionConfigurationPlatforms) = preSolution
		Debug|Any CPU = Debug|Any CPU
		Release|Any CPU = Release|Any CPU
	EndGlobalSection
	GlobalSection(ProjectConfigurationPlatforms) = postSolution
		{3031B4A3-FE8D-4EB0-9F9C-442F6B49EAAB}.Debug|Any CPU.ActiveCfg = Debug|Any CPU
		{3031B4A3-FE8D-4EB0-9F9C-442F6B49EAAB}.Debug|Any CPU.Build.0 = Debug|Any CPU
		{3031B4A3-FE8D-4EB0-9F9C-442F6B49EAAB}.Release|Any CPU.ActiveCfg = Release|Any CPU
		{3031B4A3-FE8D-4EB0-9F9C-442F6B49EAAB}.Release|Any CPU.Build.0 = Release|Any CPU
	EndGlobalSection
	GlobalSection(SolutionProperties) = preSolution
		HideSolutionNode = FALSE
	EndGlobalSection
	GlobalSection(ExtensibilityGlobals) = postSolution
		SolutionGuid = {1B0873B2-4821-40DB-A338-62A92F7BC7CC}
	EndGlobalSection
EndGlobal
