
Microsoft Visual Studio Solution File, Format Version 12.00
# Visual Studio Version 17
VisualStudioVersion = 17.9.34728.123
MinimumVisualStudioVersion = 10.0.40219.1
Project("{FAE04EC0-301F-11D3-BF4B-00C04F79EFBC}") = "exer 7", "exer 7.csproj", "{D6B9C5AF-C3D5-40F1-AE24-C6E7A34925E6}"
EndProject
Global
	GlobalSection(SolutionConfigurationPlatforms) = preSolution
		Debug|Any CPU = Debug|Any CPU
		Release|Any CPU = Release|Any CPU
	EndGlobalSection
	GlobalSection(ProjectConfigurationPlatforms) = postSolution
		{D6B9C5AF-C3D5-40F1-AE24-C6E7A34925E6}.Debug|Any CPU.ActiveCfg = Debug|Any CPU
		{D6B9C5AF-C3D5-40F1-AE24-C6E7A34925E6}.Debug|Any CPU.Build.0 = Debug|Any CPU
		{D6B9C5AF-C3D5-40F1-AE24-C6E7A34925E6}.Release|Any CPU.ActiveCfg = Release|Any CPU
		{D6B9C5AF-C3D5-40F1-AE24-C6E7A34925E6}.Release|Any CPU.Build.0 = Release|Any CPU
	EndGlobalSection
	GlobalSection(SolutionProperties) = preSolution
		HideSolutionNode = FALSE
	EndGlobalSection
	GlobalSection(ExtensibilityGlobals) = postSolution
		SolutionGuid = {0A9D412B-9E08-440E-8640-D26E16FF817A}
	EndGlobalSection
EndGlobal
