
Microsoft Visual Studio Solution File, Format Version 12.00
# Visual Studio Version 17
VisualStudioVersion = 17.9.34728.123
MinimumVisualStudioVersion = 10.0.40219.1
Project("{FAE04EC0-301F-11D3-BF4B-00C04F79EFBC}") = "exer 5", "exer 5.csproj", "{1453D70B-0AC8-4C75-AE0C-7334D143B58D}"
EndProject
Global
	GlobalSection(SolutionConfigurationPlatforms) = preSolution
		Debug|Any CPU = Debug|Any CPU
		Release|Any CPU = Release|Any CPU
	EndGlobalSection
	GlobalSection(ProjectConfigurationPlatforms) = postSolution
		{1453D70B-0AC8-4C75-AE0C-7334D143B58D}.Debug|Any CPU.ActiveCfg = Debug|Any CPU
		{1453D70B-0AC8-4C75-AE0C-7334D143B58D}.Debug|Any CPU.Build.0 = Debug|Any CPU
		{1453D70B-0AC8-4C75-AE0C-7334D143B58D}.Release|Any CPU.ActiveCfg = Release|Any CPU
		{1453D70B-0AC8-4C75-AE0C-7334D143B58D}.Release|Any CPU.Build.0 = Release|Any CPU
	EndGlobalSection
	GlobalSection(SolutionProperties) = preSolution
		HideSolutionNode = FALSE
	EndGlobalSection
	GlobalSection(ExtensibilityGlobals) = postSolution
		SolutionGuid = {5B28F842-4C11-4E71-B8C7-849C3E27F344}
	EndGlobalSection
EndGlobal
